
Microsoft Visual Studio Solution File, Format Version 12.00
# Visual Studio 15
VisualStudioVersion = 15.0.26730.3
MinimumVisualStudioVersion = 10.0.40219.1
Project("{FAE04EC0-301F-11D3-BF4B-00C04F79EFBC}") = "Hello", "Hello\Hello.csproj", "{A7991955-5A8D-4CFF-953D-3855A44B8986}"
EndProject
Global
	GlobalSection(SolutionConfigurationPlatforms) = preSolution
		Debug|Any CPU = Debug|Any CPU
		Release|Any CPU = Release|Any CPU
	EndGlobalSection
	GlobalSection(ProjectConfigurationPlatforms) = postSolution
		{A7991955-5A8D-4CFF-953D-3855A44B8986}.Debug|Any CPU.ActiveCfg = Debug|Any CPU
		{A7991955-5A8D-4CFF-953D-3855A44B8986}.Debug|Any CPU.Build.0 = Debug|Any CPU
		{A7991955-5A8D-4CFF-953D-3855A44B8986}.Release|Any CPU.ActiveCfg = Release|Any CPU
		{A7991955-5A8D-4CFF-953D-3855A44B8986}.Release|Any CPU.Build.0 = Release|Any CPU
	EndGlobalSection
	GlobalSection(SolutionProperties) = preSolution
		HideSolutionNode = FALSE
	EndGlobalSection
	GlobalSection(ExtensibilityGlobals) = postSolution
		SolutionGuid = {3BAB186B-2538-48E6-AA25-A1D8A2203CC7}
	EndGlobalSection
EndGlobal
